
Microsoft Visual Studio Solution File, Format Version 12.00
# Visual Studio Version 17
VisualStudioVersion = 17.2.32526.322
MinimumVisualStudioVersion = 10.0.40219.1
Project("{8BC9CEB8-8B4A-11D0-8D11-00A0C91BC942}") = "Aven", "Aven\Aven.vcxproj", "{1C30555F-A26D-46A7-9AE0-464FE902A864}"
EndProject
Global
	GlobalSection(SolutionConfigurationPlatforms) = preSolution
		Debug|x64 = Debug|x64
		Debug|x86 = Debug|x86
		Release|x64 = Release|x64
		Release|x86 = Release|x86
	EndGlobalSection
	GlobalSection(ProjectConfigurationPlatforms) = postSolution
		{1C30555F-A26D-46A7-9AE0-464FE902A864}.Debug|x64.ActiveCfg = Debug|x64
		{1C30555F-A26D-46A7-9AE0-464FE902A864}.Debug|x64.Build.0 = Debug|x64
		{1C30555F-A26D-46A7-9AE0-464FE902A864}.Debug|x86.ActiveCfg = Debug|Win32
		{1C30555F-A26D-46A7-9AE0-464FE902A864}.Debug|x86.Build.0 = Debug|Win32
		{1C30555F-A26D-46A7-9AE0-464FE902A864}.Release|x64.ActiveCfg = Release|x64
		{1C30555F-A26D-46A7-9AE0-464FE902A864}.Release|x64.Build.0 = Release|x64
		{1C30555F-A26D-46A7-9AE0-464FE902A864}.Release|x86.ActiveCfg = Release|Win32
		{1C30555F-A26D-46A7-9AE0-464FE902A864}.Release|x86.Build.0 = Release|Win32
	EndGlobalSection
	GlobalSection(SolutionProperties) = preSolution
		HideSolutionNode = FALSE
	EndGlobalSection
	GlobalSection(ExtensibilityGlobals) = postSolution
		SolutionGuid = {7F92F1E8-1077-4FBD-B62B-4840715CB7E2}
	EndGlobalSection
EndGlobal
