<?xml version="1.0" encoding="utf-8"?>
<Project ToolsVersion="4.0" xmlns="http://schemas.microsoft.com/developer/msbuild/2003">
  <ItemGroup>
    <Filter Include="Source Files">
      <UniqueIdentifier>{4FC737F1-C7A5-4376-A066-2A32D752A2FF}</UniqueIdentifier>
      <Extensions>cpp;c;cc;cxx;c++;cppm;ixx;def;odl;idl;hpj;bat;asm;asmx</Extensions>
    </Filter>
    <Filter Include="Header Files">
      <UniqueIdentifier>{93995380-89BD-4b04-88EB-625FBE52EBFB}</UniqueIdentifier>
      <Extensions>h;hh;hpp;hxx;h++;hm;inl;inc;ipp;xsd</Extensions>
    </Filter>
    <Filter Include="Resource Files">
      <UniqueIdentifier>{67DA6AB6-F800-4c08-8B7A-83BB121AAD01}</UniqueIdentifier>
      <Extensions>rc;ico;cur;bmp;dlg;rc2;rct;bin;rgs;gif;jpg;jpeg;jpe;resx;tiff;tif;png;wav;mfcribbon-ms</Extensions>
    </Filter>
  </ItemGroup>
  <ItemGroup>
    <ClCompile Include="main.cpp">
      <Filter>Source Files</Filter>
    </ClCompile>
    <ClCompile Include="aven\gui\Gui.cpp">
      <Filter>Source Files</Filter>
    </ClCompile>
    <ClCompile Include="aven\render\Renderer.cpp">
      <Filter>Source Files</Filter>
    </ClCompile>
    <ClCompile Include="aven\Aven.cpp">
      <Filter>Source Files</Filter>
    </ClCompile>
    <ClCompile Include="aven\objects\Scene.cpp">
      <Filter>Source Files</Filter>
    </ClCompile>
    <ClCompile Include="aven\objects\Volume.cpp">
      <Filter>Source Files</Filter>
    </ClCompile>
    <ClCompile Include="aven\volumeOperations\FilterManager.cpp">
      <Filter>Source Files</Filter>
    </ClCompile>
    <ClCompile Include="aven\volumeOperations\Filter.cpp">
      <Filter>Source Files</Filter>
    </ClCompile>
    <ClCompile Include="aven\volumeOperations\ToolManager.cpp">
      <Filter>Source Files</Filter>
    </ClCompile>
    <ClCompile Include="aven\render\ViewPortCamera.cpp">
      <Filter>Source Files</Filter>
    </ClCompile>
    <ClCompile Include="aven\gui\MouseInput.cpp">
      <Filter>Source Files</Filter>
    </ClCompile>
    <ClCompile Include="aven\volumeOperations\VolumeOps.h">
      <Filter>Source Files</Filter>
    </ClCompile>
    <ClCompile Include="aven\volumeOperations\VolumeOps.cpp">
      <Filter>Source Files</Filter>
    </ClCompile>
    <ClCompile Include="aven\volumeOperations\Tool_Brush.cpp">
      <Filter>Source Files</Filter>
    </ClCompile>
    <ClCompile Include="aven\volumeOperations\OperationTool.cpp">
      <Filter>Source Files</Filter>
    </ClCompile>
    <ClCompile Include="aven\Project.cpp">
      <Filter>Source Files</Filter>
    </ClCompile>
    <ClCompile Include="3rdParty\GL\glad.c">
      <Filter>Source Files</Filter>
    </ClCompile>
    <ClCompile Include="3rdParty\imgui\imgui.cpp">
      <Filter>Source Files</Filter>
    </ClCompile>
    <ClCompile Include="3rdParty\imgui\imgui_demo.cpp">
      <Filter>Source Files</Filter>
    </ClCompile>
    <ClCompile Include="3rdParty\imgui\imgui_draw.cpp">
      <Filter>Source Files</Filter>
    </ClCompile>
    <ClCompile Include="3rdParty\imgui\imgui_impl_glfw.cpp">
      <Filter>Source Files</Filter>
    </ClCompile>
    <ClCompile Include="3rdParty\imgui\imgui_impl_opengl3.cpp">
      <Filter>Source Files</Filter>
    </ClCompile>
    <ClCompile Include="3rdParty\imgui\imgui_widgets.cpp">
      <Filter>Source Files</Filter>
    </ClCompile>
    <ClCompile Include="aven\GL\Program.cpp">
      <Filter>Source Files</Filter>
    </ClCompile>
    <ClCompile Include="aven\GL\Shader.cpp">
      <Filter>Source Files</Filter>
    </ClCompile>
    <ClCompile Include="aven\GL\ShaderLoader.cpp">
      <Filter>Source Files</Filter>
    </ClCompile>
    <ClCompile Include="aven\GL\SSBO.cpp">
      <Filter>Source Files</Filter>
    </ClCompile>
    <ClCompile Include="aven\GL\Texture.cpp">
      <Filter>Source Files</Filter>
    </ClCompile>
    <ClCompile Include="aven\GL\VAO.cpp">
      <Filter>Source Files</Filter>
    </ClCompile>
    <ClCompile Include="aven\GL\FrameBuffer.cpp">
      <Filter>Source Files</Filter>
    </ClCompile>
    <ClCompile Include="aven\objects\BrickPool.cpp">
      <Filter>Source Files</Filter>
    </ClCompile>
    <ClCompile Include="aven\objects\VolumeData.cpp">
      <Filter>Source Files</Filter>
    </ClCompile>
    <ClCompile Include="3rdParty\imgui\examples\example_emscripten\main.cpp">
      <Filter>Source Files</Filter>
    </ClCompile>
    <ClCompile Include="3rdParty\imgui\examples\example_glfw_vulkan\out\build\x64-Debug\CMakeFiles\3.16.19112601-MSVC_2\CompilerIdC\CMakeCCompilerId.c">
      <Filter>Source Files</Filter>
    </ClCompile>
    <ClCompile Include="3rdParty\imgui\examples\example_glfw_vulkan\out\build\x64-Debug\CMakeFiles\3.16.19112601-MSVC_2\CompilerIdCXX\CMakeCXXCompilerId.cpp">
      <Filter>Source Files</Filter>
    </ClCompile>
    <ClCompile Include="3rdParty\imgui\examples\example_glfw_vulkan\out\build\x64-Debug\CMakeFiles\ShowIncludes\main.c">
      <Filter>Source Files</Filter>
    </ClCompile>
    <ClCompile Include="3rdParty\imgui\examples\example_marmalade\main.cpp">
      <Filter>Source Files</Filter>
    </ClCompile>
    <ClCompile Include="3rdParty\imgui\examples\example_sdl_directx11\main.cpp">
      <Filter>Source Files</Filter>
    </ClCompile>
    <ClCompile Include="3rdParty\imgui\examples\example_sdl_opengl2\main.cpp">
      <Filter>Source Files</Filter>
    </ClCompile>
    <ClCompile Include="3rdParty\imgui\examples\example_sdl_opengl3\main.cpp">
      <Filter>Source Files</Filter>
    </ClCompile>
    <ClCompile Include="3rdParty\imgui\examples\example_sdl_vulkan\main.cpp">
      <Filter>Source Files</Filter>
    </ClCompile>
    <ClCompile Include="3rdParty\imgui\examples\libs\gl3w\GL\gl3w.c">
      <Filter>Source Files</Filter>
    </ClCompile>
    <ClCompile Include="3rdParty\imgui\examples\imgui_impl_allegro5.cpp">
      <Filter>Source Files</Filter>
    </ClCompile>
    <ClCompile Include="3rdParty\imgui\examples\imgui_impl_dx9.cpp">
      <Filter>Source Files</Filter>
    </ClCompile>
    <ClCompile Include="3rdParty\imgui\examples\imgui_impl_dx10.cpp">
      <Filter>Source Files</Filter>
    </ClCompile>
    <ClCompile Include="3rdParty\imgui\examples\imgui_impl_dx11.cpp">
      <Filter>Source Files</Filter>
    </ClCompile>
    <ClCompile Include="3rdParty\imgui\examples\imgui_impl_dx12.cpp">
      <Filter>Source Files</Filter>
    </ClCompile>
    <ClCompile Include="3rdParty\imgui\examples\imgui_impl_glfw.cpp">
      <Filter>Source Files</Filter>
    </ClCompile>
    <ClCompile Include="3rdParty\imgui\examples\imgui_impl_glut.cpp">
      <Filter>Source Files</Filter>
    </ClCompile>
    <ClCompile Include="3rdParty\imgui\examples\imgui_impl_marmalade.cpp">
      <Filter>Source Files</Filter>
    </ClCompile>
    <ClCompile Include="3rdParty\imgui\examples\imgui_impl_opengl2.cpp">
      <Filter>Source Files</Filter>
    </ClCompile>
    <ClCompile Include="3rdParty\imgui\examples\imgui_impl_opengl3.cpp">
      <Filter>Source Files</Filter>
    </ClCompile>
    <ClCompile Include="3rdParty\imgui\examples\imgui_impl_sdl.cpp">
      <Filter>Source Files</Filter>
    </ClCompile>
    <ClCompile Include="3rdParty\imgui\examples\imgui_impl_vulkan.cpp">
      <Filter>Source Files</Filter>
    </ClCompile>
    <ClCompile Include="3rdParty\imgui\examples\imgui_impl_win32.cpp">
      <Filter>Source Files</Filter>
    </ClCompile>
    <ClCompile Include="3rdParty\imgui\imgui_tables.cpp">
      <Filter>Source Files</Filter>
    </ClCompile>
    <ClCompile Include="3rdParty\imgui\imgui_impl_opengl3.cpp">
      <Filter>Source Files</Filter>
    </ClCompile>
    <ClCompile Include="3rdParty\imgui\imgui_impl_glfw.cpp">
      <Filter>Source Files</Filter>
    </ClCompile>
  </ItemGroup>
  <ItemGroup>
    <ClInclude Include="aven\gui\Gui.h">
      <Filter>Header Files</Filter>
    </ClInclude>
    <ClInclude Include="aven\render\Renderer.h">
      <Filter>Header Files</Filter>
    </ClInclude>
    <ClInclude Include="aven\render\ViewPortCamera.h">
      <Filter>Header Files</Filter>
    </ClInclude>
    <ClInclude Include="aven\Aven.h">
      <Filter>Header Files</Filter>
    </ClInclude>
    <ClInclude Include="aven\objects\Scene.h">
      <Filter>Header Files</Filter>
    </ClInclude>
    <ClInclude Include="aven\objects\Volume.h">
      <Filter>Header Files</Filter>
    </ClInclude>
    <ClInclude Include="aven\volumeOperations\FilterManager.h">
      <Filter>Header Files</Filter>
    </ClInclude>
    <ClInclude Include="aven\volumeOperations\Filter.h">
      <Filter>Header Files</Filter>
    </ClInclude>
    <ClInclude Include="aven\util\Property.h">
      <Filter>Header Files</Filter>
    </ClInclude>
    <ClInclude Include="aven\gui\ImGui_Util.h">
      <Filter>Header Files</Filter>
    </ClInclude>
    <ClInclude Include="aven\volumeOperations\ToolManager.h">
      <Filter>Header Files</Filter>
    </ClInclude>
    <ClInclude Include="aven\gui\MouseInput.h">
      <Filter>Header Files</Filter>
    </ClInclude>
    <ClInclude Include="aven\volumeOperations\Brush.h">
      <Filter>Header Files</Filter>
    </ClInclude>
    <ClInclude Include="aven\volumeOperations\Tool_Brush.h">
      <Filter>Header Files</Filter>
    </ClInclude>
    <ClInclude Include="aven\gui\ImGui_ToolProperties.h">
      <Filter>Header Files</Filter>
    </ClInclude>
    <ClInclude Include="aven\volumeOperations\OperationTool.h">
      <Filter>Header Files</Filter>
    </ClInclude>
    <ClInclude Include="aven\_experimental\BlockAllocator.h">
      <Filter>Header Files</Filter>
    </ClInclude>
    <ClInclude Include="aven\_experimental\NodePool.h">
      <Filter>Header Files</Filter>
    </ClInclude>
    <ClInclude Include="shader\_experimental\NodePool.glsl">
      <Filter>Header Files</Filter>
    </ClInclude>
    <ClInclude Include="aven\util\FpsCounter.h">
      <Filter>Header Files</Filter>
    </ClInclude>
    <ClInclude Include="aven\util\History.h">
      <Filter>Header Files</Filter>
    </ClInclude>
    <ClInclude Include="shader\lib\filter_main.glsl">
      <Filter>Header Files</Filter>
    </ClInclude>
    <ClInclude Include="aven\Project.h">
      <Filter>Header Files</Filter>
    </ClInclude>
    <ClInclude Include="aven\volumeOperations\ToolBrushProperties.h">
      <Filter>Header Files</Filter>
    </ClInclude>
    <ClInclude Include="3rdParty\GL\glad.h">
      <Filter>Header Files</Filter>
    </ClInclude>
    <ClInclude Include="3rdParty\GL\glfw3.h">
      <Filter>Header Files</Filter>
    </ClInclude>
    <ClInclude Include="3rdParty\GL\glfw3native.h">
      <Filter>Header Files</Filter>
    </ClInclude>
    <ClInclude Include="3rdParty\GL\khrplatform.h">
      <Filter>Header Files</Filter>
    </ClInclude>
    <ClInclude Include="3rdParty\imgui\imconfig.h">
      <Filter>Header Files</Filter>
    </ClInclude>
    <ClInclude Include="3rdParty\imgui\imgui.h">
      <Filter>Header Files</Filter>
    </ClInclude>
    <ClInclude Include="3rdParty\imgui\imgui_impl_glfw.h">
      <Filter>Header Files</Filter>
    </ClInclude>
    <ClInclude Include="3rdParty\imgui\imgui_impl_opengl3.h">
      <Filter>Header Files</Filter>
    </ClInclude>
    <ClInclude Include="3rdParty\imgui\imgui_internal.h">
      <Filter>Header Files</Filter>
    </ClInclude>
    <ClInclude Include="3rdParty\imgui\imstb_rectpack.h">
      <Filter>Header Files</Filter>
    </ClInclude>
    <ClInclude Include="3rdParty\imgui\imstb_textedit.h">
      <Filter>Header Files</Filter>
    </ClInclude>
    <ClInclude Include="3rdParty\imgui\imstb_truetype.h">
      <Filter>Header Files</Filter>
    </ClInclude>
    <ClInclude Include="aven\GL\Framebuffer.h">
      <Filter>Header Files</Filter>
    </ClInclude>
    <ClInclude Include="aven\GL\Program.h">
      <Filter>Header Files</Filter>
    </ClInclude>
    <ClInclude Include="aven\GL\Shader.h">
      <Filter>Header Files</Filter>
    </ClInclude>
    <ClInclude Include="aven\GL\ShaderLoader.h">
      <Filter>Header Files</Filter>
    </ClInclude>
    <ClInclude Include="aven\GL\SSBO.h">
      <Filter>Header Files</Filter>
    </ClInclude>
    <ClInclude Include="aven\GL\Texture.h">
      <Filter>Header Files</Filter>
    </ClInclude>
    <ClInclude Include="aven\GL\VAO.h">
      <Filter>Header Files</Filter>
    </ClInclude>
    <ClInclude Include="aven\util\clamped.h">
      <Filter>Header Files</Filter>
    </ClInclude>
    <ClInclude Include="aven\util\geo3d.h">
      <Filter>Header Files</Filter>
    </ClInclude>
    <ClInclude Include="aven\util\math.h">
      <Filter>Header Files</Filter>
    </ClInclude>
    <ClInclude Include="shader\filter\adjustRGB.glsl">
      <Filter>Header Files</Filter>
    </ClInclude>
    <ClInclude Include="aven\objects\BrickPool.h">
      <Filter>Header Files</Filter>
    </ClInclude>
    <ClInclude Include="aven\objects\VolumeData.h">
      <Filter>Header Files</Filter>
    </ClInclude>
    <ClInclude Include="3rdParty\imgui\examples\example_apple_metal\Shared\AppDelegate.h">
      <Filter>Header Files</Filter>
    </ClInclude>
    <ClInclude Include="3rdParty\imgui\examples\example_apple_metal\Shared\Renderer.h">
      <Filter>Header Files</Filter>
    </ClInclude>
    <ClInclude Include="3rdParty\imgui\examples\example_apple_metal\Shared\ViewController.h">
      <Filter>Header Files</Filter>
    </ClInclude>
    <ClInclude Include="3rdParty\imgui\examples\example_glfw_vulkan\out\build\x64-Debug\CMakeFiles\ShowIncludes\foo.h">
      <Filter>Header Files</Filter>
    </ClInclude>
    <ClInclude Include="3rdParty\imgui\examples\libs\gl3w\GL\gl3w.h">
      <Filter>Header Files</Filter>
    </ClInclude>
    <ClInclude Include="3rdParty\imgui\examples\libs\gl3w\GL\glcorearb.h">
      <Filter>Header Files</Filter>
    </ClInclude>
    <ClInclude Include="3rdParty\imgui\examples\imgui_impl_allegro5.h">
      <Filter>Header Files</Filter>
    </ClInclude>
    <ClInclude Include="3rdParty\imgui\examples\imgui_impl_dx9.h">
      <Filter>Header Files</Filter>
    </ClInclude>
    <ClInclude Include="3rdParty\imgui\examples\imgui_impl_dx10.h">
      <Filter>Header Files</Filter>
    </ClInclude>
    <ClInclude Include="3rdParty\imgui\examples\imgui_impl_dx11.h">
      <Filter>Header Files</Filter>
    </ClInclude>
    <ClInclude Include="3rdParty\imgui\examples\imgui_impl_dx12.h">
      <Filter>Header Files</Filter>
    </ClInclude>
    <ClInclude Include="3rdParty\imgui\examples\imgui_impl_glfw.h">
      <Filter>Header Files</Filter>
    </ClInclude>
    <ClInclude Include="3rdParty\imgui\examples\imgui_impl_glut.h">
      <Filter>Header Files</Filter>
    </ClInclude>
    <ClInclude Include="3rdParty\imgui\examples\imgui_impl_marmalade.h">
      <Filter>Header Files</Filter>
    </ClInclude>
    <ClInclude Include="3rdParty\imgui\examples\imgui_impl_metal.h">
      <Filter>Header Files</Filter>
    </ClInclude>
    <ClInclude Include="3rdParty\imgui\examples\imgui_impl_opengl2.h">
      <Filter>Header Files</Filter>
    </ClInclude>
    <ClInclude Include="3rdParty\imgui\examples\imgui_impl_opengl3.h">
      <Filter>Header Files</Filter>
    </ClInclude>
    <ClInclude Include="3rdParty\imgui\examples\imgui_impl_osx.h">
      <Filter>Header Files</Filter>
    </ClInclude>
    <ClInclude Include="3rdParty\imgui\examples\imgui_impl_sdl.h">
      <Filter>Header Files</Filter>
    </ClInclude>
    <ClInclude Include="3rdParty\imgui\examples\imgui_impl_vulkan.h">
      <Filter>Header Files</Filter>
    </ClInclude>
    <ClInclude Include="3rdParty\imgui\examples\imgui_impl_win32.h">
      <Filter>Header Files</Filter>
    </ClInclude>
    <ClInclude Include="3rdParty\imgui\imgui_impl_opengl3_loader.h">
      <Filter>Header Files</Filter>
    </ClInclude>
    <ClInclude Include="3rdParty\imgui\imgui_impl_opengl3.h">
      <Filter>Header Files</Filter>
    </ClInclude>
    <ClInclude Include="3rdParty\imgui\imgui_impl_glfw.h">
      <Filter>Header Files</Filter>
    </ClInclude>
  </ItemGroup>
  <ItemGroup>
    <None Include="shader\___todoOld\__temp\filter.glsl" />
    <None Include="shader\render\renderer_frag.glsl" />
    <None Include="shader\render\renderer_vert.glsl" />
    <None Include="shader\___todoOld\__temp\renderShape.glsl" />
    <None Include="shader\___todoOld\_experimental\Layer_dtor.glsl" />
    <None Include="shader\___todoOld\filter\TestFilter.glsl" />
    <None Include="shader\___todoOld\gui\SingleColor.glsl" />
    <None Include="shader\___todoOld\lib\Filter.glsl" />
    <None Include="shader\___todoOld\lib\Layer.glsl" />
    <None Include="shader\___todoOld\LayerRenderer.glsl" />
    <None Include="shader\___todoOld\tools\Paint.glsl" />
    <None Include="shader\render\tonemap_vert.glsl" />
    <None Include="shader\render\tonemap_frag.glsl" />
    <None Include="shader\filter\point_fillColor.glsl" />
    <None Include="shader\filter\point_invertRGB.glsl" />
    <None Include="shader\filter\clear.glsl" />
    <None Include="shader\lib\blend.glsl" />
    <None Include="shader\volumeOps\raycast.glsl" />
    <None Include="shader\volumeOps\blendVolumes.glsl" />
    <None Include="shader\volumeOps\toolBrush.glsl" />
    <None Include="shader\_experimental\NodePool_ctor.glsl" />
    <None Include="shader\_experimental\NodePool_transphere.glsl" />
    <None Include="shader\lib\geometry.glsl" />
    <None Include="shader\lib\sample.glsl" />
    <None Include="shader\lib\math.glsl" />
    <None Include="shader\lib\camera.glsl" />
    <None Include="shader\lib\shade.glsl" />
    <None Include="shader\filter\transform.glsl" />
    <None Include="shader\filter\adjustHSV.glsl" />
    <None Include="shader\filter\brightness_contrast.glsl" />
    <None Include="shader\filter\renderRandom.glsl" />
    <None Include="shader\brickPool\BrickPool.glsl" />
    <None Include="shader\brickPool\BrickPool_ctor.glsl" />
    <None Include="shader\lib\volume.glsl" />
    <None Include="shader\brickPool\Volume_dtor.glsl" />
    <None Include="shader\brickPool\BrickPool_transphere.glsl" />
    <None Include="3rdParty\imgui\examples\example_emscripten\shell_minimal.html" />
    <None Include="3rdParty\imgui\examples\example_glfw_vulkan\out\build\x64-Debug\CMakeFiles\3.16.19112601-MSVC_2\CMakeDetermineCompilerABI_C.bin">
      <Filter>Resource Files</Filter>
    </None>
    <None Include="3rdParty\imgui\examples\example_glfw_vulkan\out\build\x64-Debug\CMakeFiles\3.16.19112601-MSVC_2\CMakeDetermineCompilerABI_CXX.bin">
      <Filter>Resource Files</Filter>
    </None>
  </ItemGroup>
  <ItemGroup>
    <Library Include="3rdParty\libs\glfw3.lib" />
  </ItemGroup>
</Project>